
Microsoft Visual Studio Solution File, Format Version 12.00
# Visual Studio 15
VisualStudioVersion = 15.0.28307.705
MinimumVisualStudioVersion = 10.0.40219.1
Project("{9A19103F-16F7-4668-BE54-9A1E7A4F7556}") = "ThreadPrioritry", "Thread.Prioritry\ThreadPrioritry.csproj", "{7D9B0372-C803-46D9-AA78-FC62A81F96A4}"
EndProject
Project("{9A19103F-16F7-4668-BE54-9A1E7A4F7556}") = "ThreadPrams", "ThreadPrams\ThreadPrams.csproj", "{6B5257A1-C4B6-45F3-AA8A-9F69453995D6}"
EndProject
Project("{9A19103F-16F7-4668-BE54-9A1E7A4F7556}") = "ThreadLock", "ThreadLock\ThreadLock.csproj", "{6B771160-9941-45F3-AE74-C7048BA528AB}"
EndProject
Project("{9A19103F-16F7-4668-BE54-9A1E7A4F7556}") = "ThreadBlockCollection", "ThreadBlockCollection\ThreadBlockCollection.csproj", "{B6DCB0AA-84ED-4D50-94F7-C9664FB6D0E6}"
EndProject
Project("{9A19103F-16F7-4668-BE54-9A1E7A4F7556}") = "ThreadLazy", "ThreadLazy\ThreadLazy.csproj", "{7EDF7F32-095A-4FFB-8EEF-9F06AD526946}"
EndProject
Project("{9A19103F-16F7-4668-BE54-9A1E7A4F7556}") = "ThreadCQueue", "ThreadCQueue\ThreadCQueue.csproj", "{6EAD2687-75BE-4884-95C6-DC855EFE9E02}"
EndProject
Project("{FAE04EC0-301F-11D3-BF4B-00C04F79EFBC}") = "ThreadInter", "ThreadInter\ThreadInter.csproj", "{65311569-DC44-44C1-9305-25E9BD7C0DBB}"
EndProject
Project("{FAE04EC0-301F-11D3-BF4B-00C04F79EFBC}") = "ThreadSemap", "ThreadMutex\ThreadSemap.csproj", "{EEE4E117-3944-48B7-809A-13C02ACBABF5}"
EndProject
Project("{FAE04EC0-301F-11D3-BF4B-00C04F79EFBC}") = "ReaderWriterLock", "ReaderWriterLock\ReaderWriterLock.csproj", "{008A07DA-E46C-49C8-B064-3C266DF23FBF}"
EndProject
Project("{FAE04EC0-301F-11D3-BF4B-00C04F79EFBC}") = "ReptileZhiHu", "ReptileZhiHu\ReptileZhiHu.csproj", "{BE327879-EE97-4D67-AD75-7AC9E93C4EFF}"
EndProject
Global
	GlobalSection(SolutionConfigurationPlatforms) = preSolution
		Debug|Any CPU = Debug|Any CPU
		Release|Any CPU = Release|Any CPU
	EndGlobalSection
	GlobalSection(ProjectConfigurationPlatforms) = postSolution
		{7D9B0372-C803-46D9-AA78-FC62A81F96A4}.Debug|Any CPU.ActiveCfg = Debug|Any CPU
		{7D9B0372-C803-46D9-AA78-FC62A81F96A4}.Debug|Any CPU.Build.0 = Debug|Any CPU
		{7D9B0372-C803-46D9-AA78-FC62A81F96A4}.Release|Any CPU.ActiveCfg = Release|Any CPU
		{7D9B0372-C803-46D9-AA78-FC62A81F96A4}.Release|Any CPU.Build.0 = Release|Any CPU
		{6B5257A1-C4B6-45F3-AA8A-9F69453995D6}.Debug|Any CPU.ActiveCfg = Debug|Any CPU
		{6B5257A1-C4B6-45F3-AA8A-9F69453995D6}.Debug|Any CPU.Build.0 = Debug|Any CPU
		{6B5257A1-C4B6-45F3-AA8A-9F69453995D6}.Release|Any CPU.ActiveCfg = Release|Any CPU
		{6B5257A1-C4B6-45F3-AA8A-9F69453995D6}.Release|Any CPU.Build.0 = Release|Any CPU
		{6B771160-9941-45F3-AE74-C7048BA528AB}.Debug|Any CPU.ActiveCfg = Debug|Any CPU
		{6B771160-9941-45F3-AE74-C7048BA528AB}.Debug|Any CPU.Build.0 = Debug|Any CPU
		{6B771160-9941-45F3-AE74-C7048BA528AB}.Release|Any CPU.ActiveCfg = Release|Any CPU
		{6B771160-9941-45F3-AE74-C7048BA528AB}.Release|Any CPU.Build.0 = Release|Any CPU
		{B6DCB0AA-84ED-4D50-94F7-C9664FB6D0E6}.Debug|Any CPU.ActiveCfg = Debug|Any CPU
		{B6DCB0AA-84ED-4D50-94F7-C9664FB6D0E6}.Debug|Any CPU.Build.0 = Debug|Any CPU
		{B6DCB0AA-84ED-4D50-94F7-C9664FB6D0E6}.Release|Any CPU.ActiveCfg = Release|Any CPU
		{B6DCB0AA-84ED-4D50-94F7-C9664FB6D0E6}.Release|Any CPU.Build.0 = Release|Any CPU
		{7EDF7F32-095A-4FFB-8EEF-9F06AD526946}.Debug|Any CPU.ActiveCfg = Debug|Any CPU
		{7EDF7F32-095A-4FFB-8EEF-9F06AD526946}.Debug|Any CPU.Build.0 = Debug|Any CPU
		{7EDF7F32-095A-4FFB-8EEF-9F06AD526946}.Release|Any CPU.ActiveCfg = Release|Any CPU
		{7EDF7F32-095A-4FFB-8EEF-9F06AD526946}.Release|Any CPU.Build.0 = Release|Any CPU
		{6EAD2687-75BE-4884-95C6-DC855EFE9E02}.Debug|Any CPU.ActiveCfg = Debug|Any CPU
		{6EAD2687-75BE-4884-95C6-DC855EFE9E02}.Debug|Any CPU.Build.0 = Debug|Any CPU
		{6EAD2687-75BE-4884-95C6-DC855EFE9E02}.Release|Any CPU.ActiveCfg = Release|Any CPU
		{6EAD2687-75BE-4884-95C6-DC855EFE9E02}.Release|Any CPU.Build.0 = Release|Any CPU
		{65311569-DC44-44C1-9305-25E9BD7C0DBB}.Debug|Any CPU.ActiveCfg = Debug|Any CPU
		{65311569-DC44-44C1-9305-25E9BD7C0DBB}.Debug|Any CPU.Build.0 = Debug|Any CPU
		{65311569-DC44-44C1-9305-25E9BD7C0DBB}.Release|Any CPU.ActiveCfg = Release|Any CPU
		{65311569-DC44-44C1-9305-25E9BD7C0DBB}.Release|Any CPU.Build.0 = Release|Any CPU
		{EEE4E117-3944-48B7-809A-13C02ACBABF5}.Debug|Any CPU.ActiveCfg = Debug|Any CPU
		{EEE4E117-3944-48B7-809A-13C02ACBABF5}.Debug|Any CPU.Build.0 = Debug|Any CPU
		{EEE4E117-3944-48B7-809A-13C02ACBABF5}.Release|Any CPU.ActiveCfg = Release|Any CPU
		{EEE4E117-3944-48B7-809A-13C02ACBABF5}.Release|Any CPU.Build.0 = Release|Any CPU
		{008A07DA-E46C-49C8-B064-3C266DF23FBF}.Debug|Any CPU.ActiveCfg = Debug|Any CPU
		{008A07DA-E46C-49C8-B064-3C266DF23FBF}.Debug|Any CPU.Build.0 = Debug|Any CPU
		{008A07DA-E46C-49C8-B064-3C266DF23FBF}.Release|Any CPU.ActiveCfg = Release|Any CPU
		{008A07DA-E46C-49C8-B064-3C266DF23FBF}.Release|Any CPU.Build.0 = Release|Any CPU
		{BE327879-EE97-4D67-AD75-7AC9E93C4EFF}.Debug|Any CPU.ActiveCfg = Debug|Any CPU
		{BE327879-EE97-4D67-AD75-7AC9E93C4EFF}.Debug|Any CPU.Build.0 = Debug|Any CPU
		{BE327879-EE97-4D67-AD75-7AC9E93C4EFF}.Release|Any CPU.ActiveCfg = Release|Any CPU
		{BE327879-EE97-4D67-AD75-7AC9E93C4EFF}.Release|Any CPU.Build.0 = Release|Any CPU
	EndGlobalSection
	GlobalSection(SolutionProperties) = preSolution
		HideSolutionNode = FALSE
	EndGlobalSection
	GlobalSection(ExtensibilityGlobals) = postSolution
		SolutionGuid = {4D3091B9-97E1-406C-A6E2-AAFBE19C5014}
	EndGlobalSection
EndGlobal
